lockfileVersion: '6.0'

settings:
  autoInstallPeers: true
  excludeLinksFromLockfile: false

dependencies:
  '@kikiutils/fs-extra':
    specifier: ^1.2.11
    version: 1.2.11
  '@noble/hashes':
    specifier: ^1.3.2
    version: 1.3.2
  crypto-js:
    specifier: ^4.1.1
    version: 4.1.1
  dateformat:
    specifier: ^5.0.3
    version: 5.0.3
  lodash:
    specifier: ^4.17.21
    version: 4.17.21
  node-color-log:
    specifier: ^10.0.2
    version: 10.0.2
  short-uuid:
    specifier: ^4.2.2
    version: 4.2.2
  sleep-ts:
    specifier: ^0.1.1
    version: 0.1.1
  tslib:
    specifier: ^2.6.2
    version: 2.6.2
  ws:
    specifier: ^8.14.2
    version: 8.14.2

devDependencies:
  '@kikiutils/tsconfigs':
    specifier: ^0.2.1
    version: 0.2.1
  '@types/crypto-js':
    specifier: ^4.1.2
    version: 4.1.2
  '@types/dateformat':
    specifier: ^5.0.0
    version: 5.0.0
  '@types/fs-extra':
    specifier: ^11.0.2
    version: 11.0.2
  '@types/lodash':
    specifier: ^4.14.199
    version: 4.14.199
  '@types/node':
    specifier: ^20.8.0
    version: 20.8.0
  '@types/ws':
    specifier: ^8.5.6
    version: 8.5.6
  ts-project-builder:
    specifier: ^1.0.2
    version: 1.0.2(esbuild@0.19.4)
  typescript:
    specifier: ^5.2.2
    version: 5.2.2

packages:

  /@esbuild/android-arm64@0.19.4:
    resolution: {integrity: sha512-mRsi2vJsk4Bx/AFsNBqOH2fqedxn5L/moT58xgg51DjX1la64Z3Npicut2VbhvDFO26qjWtPMsVxCd80YTFVeg==}
    engines: {node: '>=12'}
    cpu: [arm64]
    os: [android]
    requiresBuild: true
    dev: true
    optional: true

  /@esbuild/android-arm@0.19.4:
    resolution: {integrity: sha512-uBIbiYMeSsy2U0XQoOGVVcpIktjLMEKa7ryz2RLr7L/vTnANNEsPVAh4xOv7ondGz6ac1zVb0F8Jx20rQikffQ==}
    engines: {node: '>=12'}
    cpu: [arm]
    os: [android]
    requiresBuild: true
    dev: true
    optional: true

  /@esbuild/android-x64@0.19.4:
    resolution: {integrity: sha512-4iPufZ1TMOD3oBlGFqHXBpa3KFT46aLl6Vy7gwed0ZSYgHaZ/mihbYb4t7Z9etjkC9Al3ZYIoOaHrU60gcMy7g==}
    engines: {node: '>=12'}
    cpu: [x64]
    os: [android]
    requiresBuild: true
    dev: true
    optional: true

  /@esbuild/darwin-arm64@0.19.4:
    resolution: {integrity: sha512-Lviw8EzxsVQKpbS+rSt6/6zjn9ashUZ7Tbuvc2YENgRl0yZTktGlachZ9KMJUsVjZEGFVu336kl5lBgDN6PmpA==}
    engines: {node: '>=12'}
    cpu: [arm64]
    os: [darwin]
    requiresBuild: true
    dev: true
    optional: true

  /@esbuild/darwin-x64@0.19.4:
    resolution: {integrity: sha512-YHbSFlLgDwglFn0lAO3Zsdrife9jcQXQhgRp77YiTDja23FrC2uwnhXMNkAucthsf+Psr7sTwYEryxz6FPAVqw==}
    engines: {node: '>=12'}
    cpu: [x64]
    os: [darwin]
    requiresBuild: true
    dev: true
    optional: true

  /@esbuild/freebsd-arm64@0.19.4:
    resolution: {integrity: sha512-vz59ijyrTG22Hshaj620e5yhs2dU1WJy723ofc+KUgxVCM6zxQESmWdMuVmUzxtGqtj5heHyB44PjV/HKsEmuQ==}
    engines: {node: '>=12'}
    cpu: [arm64]
    os: [freebsd]
    requiresBuild: true
    dev: true
    optional: true

  /@esbuild/freebsd-x64@0.19.4:
    resolution: {integrity: sha512-3sRbQ6W5kAiVQRBWREGJNd1YE7OgzS0AmOGjDmX/qZZecq8NFlQsQH0IfXjjmD0XtUYqr64e0EKNFjMUlPL3Cw==}
    engines: {node: '>=12'}
    cpu: [x64]
    os: [freebsd]
    requiresBuild: true
    dev: true
    optional: true

  /@esbuild/linux-arm64@0.19.4:
    resolution: {integrity: sha512-ZWmWORaPbsPwmyu7eIEATFlaqm0QGt+joRE9sKcnVUG3oBbr/KYdNE2TnkzdQwX6EDRdg/x8Q4EZQTXoClUqqA==}
    engines: {node: '>=12'}
    cpu: [arm64]
    os: [linux]
    requiresBuild: true
    dev: true
    optional: true

  /@esbuild/linux-arm@0.19.4:
    resolution: {integrity: sha512-z/4ArqOo9EImzTi4b6Vq+pthLnepFzJ92BnofU1jgNlcVb+UqynVFdoXMCFreTK7FdhqAzH0vmdwW5373Hm9pg==}
    engines: {node: '>=12'}
    cpu: [arm]
    os: [linux]
    requiresBuild: true
    dev: true
    optional: true

  /@esbuild/linux-ia32@0.19.4:
    resolution: {integrity: sha512-EGc4vYM7i1GRUIMqRZNCTzJh25MHePYsnQfKDexD8uPTCm9mK56NIL04LUfX2aaJ+C9vyEp2fJ7jbqFEYgO9lQ==}
    engines: {node: '>=12'}
    cpu: [ia32]
    os: [linux]
    requiresBuild: true
    dev: true
    optional: true

  /@esbuild/linux-loong64@0.19.4:
    resolution: {integrity: sha512-WVhIKO26kmm8lPmNrUikxSpXcgd6HDog0cx12BUfA2PkmURHSgx9G6vA19lrlQOMw+UjMZ+l3PpbtzffCxFDRg==}
    engines: {node: '>=12'}
    cpu: [loong64]
    os: [linux]
    requiresBuild: true
    dev: true
    optional: true

  /@esbuild/linux-mips64el@0.19.4:
    resolution: {integrity: sha512-keYY+Hlj5w86hNp5JJPuZNbvW4jql7c1eXdBUHIJGTeN/+0QFutU3GrS+c27L+NTmzi73yhtojHk+lr2+502Mw==}
    engines: {node: '>=12'}
    cpu: [mips64el]
    os: [linux]
    requiresBuild: true
    dev: true
    optional: true

  /@esbuild/linux-ppc64@0.19.4:
    resolution: {integrity: sha512-tQ92n0WMXyEsCH4m32S21fND8VxNiVazUbU4IUGVXQpWiaAxOBvtOtbEt3cXIV3GEBydYsY8pyeRMJx9kn3rvw==}
    engines: {node: '>=12'}
    cpu: [ppc64]
    os: [linux]
    requiresBuild: true
    dev: true
    optional: true

  /@esbuild/linux-riscv64@0.19.4:
    resolution: {integrity: sha512-tRRBey6fG9tqGH6V75xH3lFPpj9E8BH+N+zjSUCnFOX93kEzqS0WdyJHkta/mmJHn7MBaa++9P4ARiU4ykjhig==}
    engines: {node: '>=12'}
    cpu: [riscv64]
    os: [linux]
    requiresBuild: true
    dev: true
    optional: true

  /@esbuild/linux-s390x@0.19.4:
    resolution: {integrity: sha512-152aLpQqKZYhThiJ+uAM4PcuLCAOxDsCekIbnGzPKVBRUDlgaaAfaUl5NYkB1hgY6WN4sPkejxKlANgVcGl9Qg==}
    engines: {node: '>=12'}
    cpu: [s390x]
    os: [linux]
    requiresBuild: true
    dev: true
    optional: true

  /@esbuild/linux-x64@0.19.4:
    resolution: {integrity: sha512-Mi4aNA3rz1BNFtB7aGadMD0MavmzuuXNTaYL6/uiYIs08U7YMPETpgNn5oue3ICr+inKwItOwSsJDYkrE9ekVg==}
    engines: {node: '>=12'}
    cpu: [x64]
    os: [linux]
    requiresBuild: true
    dev: true
    optional: true

  /@esbuild/netbsd-x64@0.19.4:
    resolution: {integrity: sha512-9+Wxx1i5N/CYo505CTT7T+ix4lVzEdz0uCoYGxM5JDVlP2YdDC1Bdz+Khv6IbqmisT0Si928eAxbmGkcbiuM/A==}
    engines: {node: '>=12'}
    cpu: [x64]
    os: [netbsd]
    requiresBuild: true
    dev: true
    optional: true

  /@esbuild/openbsd-x64@0.19.4:
    resolution: {integrity: sha512-MFsHleM5/rWRW9EivFssop+OulYVUoVcqkyOkjiynKBCGBj9Lihl7kh9IzrreDyXa4sNkquei5/DTP4uCk25xw==}
    engines: {node: '>=12'}
    cpu: [x64]
    os: [openbsd]
    requiresBuild: true
    dev: true
    optional: true

  /@esbuild/sunos-x64@0.19.4:
    resolution: {integrity: sha512-6Xq8SpK46yLvrGxjp6HftkDwPP49puU4OF0hEL4dTxqCbfx09LyrbUj/D7tmIRMj5D5FCUPksBbxyQhp8tmHzw==}
    engines: {node: '>=12'}
    cpu: [x64]
    os: [sunos]
    requiresBuild: true
    dev: true
    optional: true

  /@esbuild/win32-arm64@0.19.4:
    resolution: {integrity: sha512-PkIl7Jq4mP6ke7QKwyg4fD4Xvn8PXisagV/+HntWoDEdmerB2LTukRZg728Yd1Fj+LuEX75t/hKXE2Ppk8Hh1w==}
    engines: {node: '>=12'}
    cpu: [arm64]
    os: [win32]
    requiresBuild: true
    dev: true
    optional: true

  /@esbuild/win32-ia32@0.19.4:
    resolution: {integrity: sha512-ga676Hnvw7/ycdKB53qPusvsKdwrWzEyJ+AtItHGoARszIqvjffTwaaW3b2L6l90i7MO9i+dlAW415INuRhSGg==}
    engines: {node: '>=12'}
    cpu: [ia32]
    os: [win32]
    requiresBuild: true
    dev: true
    optional: true

  /@esbuild/win32-x64@0.19.4:
    resolution: {integrity: sha512-HP0GDNla1T3ZL8Ko/SHAS2GgtjOg+VmWnnYLhuTksr++EnduYB0f3Y2LzHsUwb2iQ13JGoY6G3R8h6Du/WG6uA==}
    engines: {node: '>=12'}
    cpu: [x64]
    os: [win32]
    requiresBuild: true
    dev: true
    optional: true

  /@jridgewell/sourcemap-codec@1.4.15:
    resolution: {integrity: sha512-eF2rxCRulEKXHTRiDrDy6erMYWqNw4LPdQ8UQA4huuxaQsVeRPFl2oM8oDGxMFhJUWZf9McpLtJasDDZb/Bpeg==}
    dev: true

  /@kikiutils/fs-extra@1.2.11:
    resolution: {integrity: sha512-YzbcGNvgquZIq4+7ENDBI+2/E4WA7scRsA55YjbO/ca0IY6Jrakp4+olvBxiukKTWuMu09IsuNYdYBu+C+R74Q==}
    engines: {node: '>= 16.0.0'}
    dependencies:
      '@kikiutils/wrappers': 1.0.8
      fs-extra: 11.1.1
    dev: false

  /@kikiutils/tsconfigs@0.2.1:
    resolution: {integrity: sha512-vuzJDOj+Z+cGkxlp0BZDycH1dPXP7TUy7qVSDq64maxtefdoYuXxkJ0ih+yXtbRnSd92ky/AGp9IEIZdHmilWQ==}
    dev: true

  /@kikiutils/wrappers@1.0.8:
    resolution: {integrity: sha512-+bkKziDxDJWxf2lrBGYfJbWbfjcfs3Gaa4276uaT4MNzp9BBrVwda4Y5YJVUvjZ8K0U+m1zg/Kliadqw2bVSbg==}
    engines: {node: '>= 16.0.0'}
    dev: false

  /@mdn/browser-compat-data@5.3.19:
    resolution: {integrity: sha512-3k0I0sqa9vyO1z687O4hfoeXnTIf68WI0UBksBj0GPbXdNrOA4VOntP08jtvuaTG7yYHRVXSyoA9xRWxSGv3mw==}
    dev: true

  /@noble/hashes@1.3.2:
    resolution: {integrity: sha512-MVC8EAQp7MvEcm30KWENFjgR+Mkmf+D189XJTkFIlwohU5hcBbn1ZkKq7KVTi2Hme3PMGF390DaL52beVrIihQ==}
    engines: {node: '>= 16'}
    dev: false

  /@rollup/plugin-json@6.0.0(rollup@3.29.4):
    resolution: {integrity: sha512-i/4C5Jrdr1XUarRhVu27EEwjt4GObltD7c+MkCIpO2QIbojw8MUs+CCTqOphQi3Qtg1FLmYt+l+6YeoIf51J7w==}
    engines: {node: '>=14.0.0'}
    peerDependencies:
      rollup: ^1.20.0||^2.0.0||^3.0.0
    peerDependenciesMeta:
      rollup:
        optional: true
    dependencies:
      '@rollup/pluginutils': 5.0.4(rollup@3.29.4)
      rollup: 3.29.4
    dev: true

  /@rollup/plugin-strip@3.0.2(rollup@3.29.4):
    resolution: {integrity: sha512-L8Whin/DB5XsLE586+xcud6yX/pMVUlfalA999uAsC+dtwmBHSiUwtAxMl3eVvykX3N5BhdeAjStqDlzMmfUXw==}
    engines: {node: '>=14.0.0'}
    peerDependencies:
      rollup: ^1.20.0||^2.0.0||^3.0.0
    peerDependenciesMeta:
      rollup:
        optional: true
    dependencies:
      '@rollup/pluginutils': 5.0.4(rollup@3.29.4)
      estree-walker: 2.0.2
      magic-string: 0.27.0
      rollup: 3.29.4
    dev: true

  /@rollup/pluginutils@5.0.4(rollup@3.29.4):
    resolution: {integrity: sha512-0KJnIoRI8A+a1dqOYLxH8vBf8bphDmty5QvIm2hqm7oFCFYKCAZWWd2hXgMibaPsNDhI0AtpYfQZJG47pt/k4g==}
    engines: {node: '>=14.0.0'}
    peerDependencies:
      rollup: ^1.20.0||^2.0.0||^3.0.0
    peerDependenciesMeta:
      rollup:
        optional: true
    dependencies:
      '@types/estree': 1.0.2
      estree-walker: 2.0.2
      picomatch: 2.3.1
      rollup: 3.29.4
    dev: true

  /@types/crypto-js@4.1.2:
    resolution: {integrity: sha512-t33RNmTu5ufG/sorROIafiCVJMx3jz95bXUMoPAZcUD14fxMXnuTzqzXZoxpR0tNx2xpw11Dlmem9vGCsrSOfA==}
    dev: true

  /@types/dateformat@5.0.0:
    resolution: {integrity: sha512-SZg4JdHIWHQGEokbYGZSDvo5wA4TLYPXaqhigs/wH+REDOejcJzgH+qyY+HtEUtWOZxEUkbhbdYPqQDiEgrXeA==}
    dev: true

  /@types/estree@1.0.2:
    resolution: {integrity: sha512-VeiPZ9MMwXjO32/Xu7+OwflfmeoRwkE/qzndw42gGtgJwZopBnzy2gD//NN1+go1mADzkDcqf/KnFRSjTJ8xJA==}
    dev: true

  /@types/fs-extra@11.0.2:
    resolution: {integrity: sha512-c0hrgAOVYr21EX8J0jBMXGLMgJqVf/v6yxi0dLaJboW9aQPh16Id+z6w2Tx1hm+piJOLv8xPfVKZCLfjPw/IMQ==}
    dependencies:
      '@types/jsonfile': 6.1.2
      '@types/node': 20.8.0
    dev: true

  /@types/jsonfile@6.1.2:
    resolution: {integrity: sha512-8t92P+oeW4d/CRQfJaSqEwXujrhH4OEeHRjGU3v1Q8mUS8GPF3yiX26sw4svv6faL2HfBtGTe2xWIoVgN3dy9w==}
    dependencies:
      '@types/node': 20.8.0
    dev: true

  /@types/lodash@4.14.199:
    resolution: {integrity: sha512-Vrjz5N5Ia4SEzWWgIVwnHNEnb1UE1XMkvY5DGXrAeOGE9imk0hgTHh5GyDjLDJi9OTCn9oo9dXH1uToK1VRfrg==}
    dev: true

  /@types/node@17.0.45:
    resolution: {integrity: sha512-w+tIMs3rq2afQdsPJlODhoUEKzFP1ayaoyl1CcnwtIlsVe7K7bA1NGm4s3PraqTLlXnbIN84zuBlxBWo1u9BLw==}
    dev: true

  /@types/node@20.8.0:
    resolution: {integrity: sha512-LzcWltT83s1bthcvjBmiBvGJiiUe84NWRHkw+ZV6Fr41z2FbIzvc815dk2nQ3RAKMuN2fkenM/z3Xv2QzEpYxQ==}
    dev: true

  /@types/object-path@0.11.2:
    resolution: {integrity: sha512-STkyj0IQkgbmohF1afXQN64KucE3w7EgSbNJxqkJoq0KHVBV4nU5Pyku+TM9UCiCLXhZlkEFd8zq38P8lDFi6g==}
    dev: true

  /@types/semver@7.5.3:
    resolution: {integrity: sha512-OxepLK9EuNEIPxWNME+C6WwbRAOOI2o2BaQEGzz5Lu2e4Z5eDnEo+/aVEDMIXywoJitJ7xWd641wrGLZdtwRyw==}
    dev: true

  /@types/ua-parser-js@0.7.37:
    resolution: {integrity: sha512-4sOxS3ZWXC0uHJLYcWAaLMxTvjRX3hT96eF4YWUh1ovTaenvibaZOE5uXtIp4mksKMLRwo7YDiCBCw6vBiUPVg==}
    dev: true

  /@types/ws@8.5.6:
    resolution: {integrity: sha512-8B5EO9jLVCy+B58PLHvLDuOD8DRVMgQzq8d55SjLCOn9kqGyqOvy27exVaTio1q1nX5zLu8/6N0n2ThSxOM6tg==}
    dependencies:
      '@types/node': 20.8.0
    dev: true

  /@wessberg/stringutil@1.0.19:
    resolution: {integrity: sha512-9AZHVXWlpN8Cn9k5BC/O0Dzb9E9xfEMXzYrNunwvkUTvuK7xgQPVRZpLo+jWCOZ5r8oBa8NIrHuPEu1hzbb6bg==}
    engines: {node: '>=8.0.0'}
    dev: true

  /ansi-colors@4.1.3:
    resolution: {integrity: sha512-/6w/C21Pm1A7aZitlI5Ni/2J6FFQN8i1Cvz3kHABAAbw93v/NlvKdVOqz7CCWz/3iv/JplRSEEZ83XION15ovw==}
    engines: {node: '>=6'}
    dev: true

  /any-base@1.1.0:
    resolution: {integrity: sha512-uMgjozySS8adZZYePpaWs8cxB9/kdzmpX6SgJZ+wbz1K5eYk5QMYDVJaZKhxyIHUdnnJkfR7SVgStgH7LkGUyg==}
    dev: false

  /browserslist-generator@2.1.0:
    resolution: {integrity: sha512-ZFz4mAOgqm0cbwKaZsfJbYDbTXGoPANlte7qRsRJOfjB9KmmISQrXJxAVrnXG8C8v/QHNzXyeJt0Cfcks6zZvQ==}
    engines: {node: '>=16.15.1', npm: '>=7.0.0', pnpm: '>=3.2.0', yarn: '>=1.13'}
    dependencies:
      '@mdn/browser-compat-data': 5.3.19
      '@types/object-path': 0.11.2
      '@types/semver': 7.5.3
      '@types/ua-parser-js': 0.7.37
      browserslist: 4.22.1
      caniuse-lite: 1.0.30001541
      isbot: 3.7.0
      object-path: 0.11.8
      semver: 7.5.4
      ua-parser-js: 1.0.36
    dev: true

  /browserslist@4.22.1:
    resolution: {integrity: sha512-FEVc202+2iuClEhZhrWy6ZiAcRLvNMyYcxZ8raemul1DYVOVdFsbqckWLdsixQZCpJlwe77Z3UTalE7jsjnKfQ==}
    engines: {node: ^6 || ^7 || ^8 || ^9 || ^10 || ^11 || ^12 || >=13.7}
    hasBin: true
    dependencies:
      caniuse-lite: 1.0.30001541
      electron-to-chromium: 1.4.537
      node-releases: 2.0.13
      update-browserslist-db: 1.0.13(browserslist@4.22.1)
    dev: true

  /caniuse-lite@1.0.30001541:
    resolution: {integrity: sha512-bLOsqxDgTqUBkzxbNlSBt8annkDpQB9NdzdTbO2ooJ+eC/IQcvDspDc058g84ejCelF7vHUx57KIOjEecOHXaw==}
    dev: true

  /cleye@1.3.2:
    resolution: {integrity: sha512-MngIC2izcCz07iRKr3Pe8Z6ZBv4zbKFl/YnQEN/aMHis6PpH+MxI2e6n0bMUAmSVlMoAyQkdBCSTbfDmtcSovQ==}
    dependencies:
      terminal-columns: 1.4.1
      type-flag: 3.0.0
    dev: true

  /colorette@2.0.20:
    resolution: {integrity: sha512-IfEDxwoWIjkeXL1eXcDiow4UbKjhLdq6/EuSVR9GMN7KVH3r9gQ83e73hsz1Nd1T3ijd5xv1wcWRYO+D6kCI2w==}
    dev: true

  /compatfactory@3.0.0(typescript@5.2.2):
    resolution: {integrity: sha512-WD5kF7koPwVoyKL8p0LlrmIZtilrD46sQStyzzxzTFinMKN2Dxk1hN+sddLSQU1mGIZvQfU8c+ONSghvvM40jg==}
    engines: {node: '>=14.9.0'}
    peerDependencies:
      typescript: '>=3.x || >= 4.x || >= 5.x'
    dependencies:
      helpertypes: 0.0.19
      typescript: 5.2.2
    dev: true

  /crosspath@2.0.0:
    resolution: {integrity: sha512-ju88BYCQ2uvjO2bR+SsgLSTwTSctU+6Vp2ePbKPgSCZyy4MWZxYsT738DlKVRE5utUjobjPRm1MkTYKJxCmpTA==}
    engines: {node: '>=14.9.0'}
    dependencies:
      '@types/node': 17.0.45
    dev: true

  /crypto-js@4.1.1:
    resolution: {integrity: sha512-o2JlM7ydqd3Qk9CA0L4NL6mTzU2sdx96a+oOfPu8Mkl/PK51vSyoi8/rQ8NknZtk44vq15lmhAj9CIAGwgeWKw==}
    dev: false

  /dateformat@5.0.3:
    resolution: {integrity: sha512-Kvr6HmPXUMerlLcLF+Pwq3K7apHpYmGDVqrxcDasBg86UcKeTSNWbEzU8bwdXnxnR44FtMhJAxI4Bov6Y/KUfA==}
    engines: {node: '>=12.20'}
    dev: false

  /debug@4.3.4:
    resolution: {integrity: sha512-PRWFHuSU3eDtQJPvnNY7Jcket1j0t5OuOsFzPPzsekD52Zl8qUfFIPEiswXqIvHWGVHOgX+7G/vCNNhehwxfkQ==}
    engines: {node: '>=6.0'}
    peerDependencies:
      supports-color: '*'
    peerDependenciesMeta:
      supports-color:
        optional: true
    dependencies:
      ms: 2.1.2
    dev: true

  /electron-to-chromium@1.4.537:
    resolution: {integrity: sha512-W1+g9qs9hviII0HAwOdehGYkr+zt7KKdmCcJcjH0mYg6oL8+ioT3Skjmt7BLoAQqXhjf40AXd+HlR4oAWMlXjA==}
    dev: true

  /es-module-lexer@1.3.1:
    resolution: {integrity: sha512-JUFAyicQV9mXc3YRxPnDlrfBKpqt6hUYzz9/boprUJHs4e4KVr3XwOF70doO6gwXUor6EWZJAyWAfKki84t20Q==}
    dev: true

  /esbuild@0.19.4:
    resolution: {integrity: sha512-x7jL0tbRRpv4QUyuDMjONtWFciygUxWaUM1kMX2zWxI0X2YWOt7MSA0g4UdeSiHM8fcYVzpQhKYOycZwxTdZkA==}
    engines: {node: '>=12'}
    hasBin: true
    requiresBuild: true
    optionalDependencies:
      '@esbuild/android-arm': 0.19.4
      '@esbuild/android-arm64': 0.19.4
      '@esbuild/android-x64': 0.19.4
      '@esbuild/darwin-arm64': 0.19.4
      '@esbuild/darwin-x64': 0.19.4
      '@esbuild/freebsd-arm64': 0.19.4
      '@esbuild/freebsd-x64': 0.19.4
      '@esbuild/linux-arm': 0.19.4
      '@esbuild/linux-arm64': 0.19.4
      '@esbuild/linux-ia32': 0.19.4
      '@esbuild/linux-loong64': 0.19.4
      '@esbuild/linux-mips64el': 0.19.4
      '@esbuild/linux-ppc64': 0.19.4
      '@esbuild/linux-riscv64': 0.19.4
      '@esbuild/linux-s390x': 0.19.4
      '@esbuild/linux-x64': 0.19.4
      '@esbuild/netbsd-x64': 0.19.4
      '@esbuild/openbsd-x64': 0.19.4
      '@esbuild/sunos-x64': 0.19.4
      '@esbuild/win32-arm64': 0.19.4
      '@esbuild/win32-ia32': 0.19.4
      '@esbuild/win32-x64': 0.19.4
    dev: true

  /escalade@3.1.1:
    resolution: {integrity: sha512-k0er2gUkLf8O0zKJiAhmkTnJlTvINGv7ygDNPbeIsX/TJjGJZHuh9B2UxbsaEkmlEo9MfhrSzmhIlhRlI2GXnw==}
    engines: {node: '>=6'}
    dev: true

  /estree-walker@2.0.2:
    resolution: {integrity: sha512-Rfkk/Mp/DL7JVje3u18FxFujQlTNR2q6QfMSMB7AvCBx91NGj/ba3kCfza0f6dVDbw7YlRf/nDrn7pQrCCyQ/w==}
    dev: true

  /fs-extra@11.1.1:
    resolution: {integrity: sha512-MGIE4HOvQCeUCzmlHs0vXpih4ysz4wg9qiSAu6cd42lVwPbTM1TjV7RusoyQqMmk/95gdQZX72u+YW+c3eEpFQ==}
    engines: {node: '>=14.14'}
    dependencies:
      graceful-fs: 4.2.11
      jsonfile: 6.1.0
      universalify: 2.0.0
    dev: false

  /fsevents@2.3.3:
    resolution: {integrity: sha512-5xoDfX+fL7faATnagmWPpbFtwh/R77WmMMqqHGS65C3vvB0YHrgF+B1YmZ3441tMj5n63k0212XNoJwzlhffQw==}
    engines: {node: ^8.16.0 || ^10.6.0 || >=11.0.0}
    os: [darwin]
    requiresBuild: true
    dev: true
    optional: true

  /get-tsconfig@4.7.2:
    resolution: {integrity: sha512-wuMsz4leaj5hbGgg4IvDU0bqJagpftG5l5cXIAvo8uZrqn0NJqwtfupTN00VnkQJPcIRrxYrm1Ue24btpCha2A==}
    dependencies:
      resolve-pkg-maps: 1.0.0
    dev: true

  /graceful-fs@4.2.11:
    resolution: {integrity: sha512-RbJ5/jmFcNNCcDV5o9eTnBLJ/HszWV0P73bc+Ff4nS/rJj+YaS6IGyiOL0VoBYX+l1Wrl3k63h/KrH+nhJ0XvQ==}
    dev: false

  /helpertypes@0.0.19:
    resolution: {integrity: sha512-J00e55zffgi3yVnUp0UdbMztNkr2PnizEkOe9URNohnrNhW5X0QpegkuLpOmFQInpi93Nb8MCjQRHAiCDF42NQ==}
    engines: {node: '>=10.0.0'}
    dev: true

  /isbot@3.7.0:
    resolution: {integrity: sha512-9BcjlI89966BqWJmYdTnRub85sit931MyCthSIPtgoOsTjoW7A2MVa09HzPpYE2+G4vyAxfDvR0AbUGV0FInQg==}
    engines: {node: '>=12'}
    dev: true

  /jsonfile@6.1.0:
    resolution: {integrity: sha512-5dgndWOriYSm5cnYaJNhalLNDKOqFwyDB/rr1E9ZsGciGvKPs8R2xYGCacuf3z6K1YKDz182fd+fY3cn3pMqXQ==}
    dependencies:
      universalify: 2.0.0
    optionalDependencies:
      graceful-fs: 4.2.11
    dev: false

  /lodash@4.17.21:
    resolution: {integrity: sha512-v2kDEe57lecTulaDIuNTPy3Ry4gLGJ6Z1O3vE1krgXZNrsQ+LFTGHVxVjcXPs17LhbZVGedAJv8XZ1tvj5FvSg==}
    dev: false

  /lru-cache@6.0.0:
    resolution: {integrity: sha512-Jo6dJ04CmSjuznwJSS3pUeWmd/H0ffTlkXXgwZi+eq1UCmqQwCh+eLsYOYCwY991i2Fah4h1BEMCx4qThGbsiA==}
    engines: {node: '>=10'}
    dependencies:
      yallist: 4.0.0
    dev: true

  /magic-string@0.27.0:
    resolution: {integrity: sha512-8UnnX2PeRAPZuN12svgR9j7M1uWMovg/CEnIwIG0LFkXSJJe4PdfUGiTGl8V9bsBHFUtfVINcSyYxd7q+kx9fA==}
    engines: {node: '>=12'}
    dependencies:
      '@jridgewell/sourcemap-codec': 1.4.15
    dev: true

  /magic-string@0.30.4:
    resolution: {integrity: sha512-Q/TKtsC5BPm0kGqgBIF9oXAs/xEf2vRKiIB4wCRQTJOQIByZ1d+NnUOotvJOvNpi5RNIgVOMC3pOuaP1ZTDlVg==}
    engines: {node: '>=12'}
    dependencies:
      '@jridgewell/sourcemap-codec': 1.4.15
    dev: true

  /ms@2.1.2:
    resolution: {integrity: sha512-sGkPx+VjMtmA6MX27oA4FBFELFCZZ4S4XqeGOXCv68tT+jb3vk/RyaKWP0PTKyWtmLSM0b+adUTEvbs1PEaH2w==}
    dev: true

  /ms@2.1.3:
    resolution: {integrity: sha512-6FlzubTLZG3J2a/NVCAleEhjzq5oxgHyaCU9yYXvcLsvoVaHJq/s5xXI6/XXP6tz7R9xAOtHnSO/tXtF3WRTlA==}
    dev: false

  /node-color-log@10.0.2:
    resolution: {integrity: sha512-mSIv0cguSaEo0kbHkcPs3bohnFPq0uTBqMjwFmlF6YGRPXUPmExorLNaUEinijLV3cokZNKWcX2ieZiKoHftSw==}
    dev: false

  /node-releases@2.0.13:
    resolution: {integrity: sha512-uYr7J37ae/ORWdZeQ1xxMJe3NtdmqMC/JZK+geofDrkLUApKRHPd18/TxtBOJ4A0/+uUIliorNrfYV6s1b02eQ==}
    dev: true

  /object-path@0.11.8:
    resolution: {integrity: sha512-YJjNZrlXJFM42wTBn6zgOJVar9KFJvzx6sTWDte8sWZF//cnjl0BxHNpfZx+ZffXX63A9q0b1zsFiBX4g4X5KA==}
    engines: {node: '>= 10.12.0'}
    dev: true

  /parse-ms@3.0.0:
    resolution: {integrity: sha512-Tpb8Z7r7XbbtBTrM9UhpkzzaMrqA2VXMT3YChzYltwV3P3pM6t8wl7TvpMnSTosz1aQAdVib7kdoys7vYOPerw==}
    engines: {node: '>=12'}
    dev: true

  /picocolors@1.0.0:
    resolution: {integrity: sha512-1fygroTLlHu66zi26VoTDv8yRgm0Fccecssto+MhsZ0D/DGW2sm8E8AjW7NU5VVTRt5GxbeZ5qBuJr+HyLYkjQ==}
    dev: true

  /picomatch@2.3.1:
    resolution: {integrity: sha512-JU3teHTNjmE2VCGFzuY8EXzCDVwEqB2a8fsIvwaStHhAWJEeVd1o1QD80CU6+ZdEXXSLbSsuLwJjkCBWqRQUVA==}
    engines: {node: '>=8.6'}
    dev: true

  /pretty-ms@8.0.0:
    resolution: {integrity: sha512-ASJqOugUF1bbzI35STMBUpZqdfYKlJugy6JBziGi2EE+AL5JPJGSzvpeVXojxrr0ViUYoToUjb5kjSEGf7Y83Q==}
    engines: {node: '>=14.16'}
    dependencies:
      parse-ms: 3.0.0
    dev: true

  /resolve-pkg-maps@1.0.0:
    resolution: {integrity: sha512-seS2Tj26TBVOC2NIc2rOe2y2ZO7efxITtLZcGSOnHHNOQ7CkiUBfw0Iw2ck6xkIhPwLhKNLS8BO+hEpngQlqzw==}
    dev: true

  /rollup-plugin-esbuild@6.0.2(esbuild@0.19.4)(rollup@3.29.4):
    resolution: {integrity: sha512-SNAFfYS9QbZKBHZDOe4Oa1+dYqIFnmaXGJrsT9PMteGUZqw3T1Z3q0bMgwJhzxmTdiKcziSkJIiIZ7b1zy8RKw==}
    engines: {node: '>=14.18.0'}
    peerDependencies:
      esbuild: '>=0.18.0'
      rollup: ^1.20.0 || ^2.0.0 || ^3.0.0
    dependencies:
      '@rollup/pluginutils': 5.0.4(rollup@3.29.4)
      debug: 4.3.4
      es-module-lexer: 1.3.1
      esbuild: 0.19.4
      get-tsconfig: 4.7.2
      rollup: 3.29.4
    transitivePeerDependencies:
      - supports-color
    dev: true

  /rollup-plugin-node-externals@6.1.1(rollup@3.29.4):
    resolution: {integrity: sha512-127OFMkpH5rBVlRHRBDUMk1m1sGuzbGy7so5aj/IkpUb2r3+wOWjR/erUzd2ChEQWPsxsyQG6xpYYvPBAdcBRA==}
    engines: {node: '>=16.0.0'}
    peerDependencies:
      rollup: ^3.0.0
    dependencies:
      rollup: 3.29.4
    dev: true

  /rollup-plugin-ts@3.4.5(rollup@3.29.4)(typescript@5.2.2):
    resolution: {integrity: sha512-9iCstRJpEZXSRQuXitlSZAzcGlrqTbJg1pE4CMbEi6xYldxVncdPyzA2I+j6vnh73wBymZckerS+Q/iEE/M3Ow==}
    engines: {node: '>=16.15.1', npm: '>=7.0.0', pnpm: '>=3.2.0', yarn: '>=1.13'}
    peerDependencies:
      '@babel/core': '>=7.x'
      '@babel/plugin-transform-runtime': '>=7.x'
      '@babel/preset-env': '>=7.x'
      '@babel/preset-typescript': '>=7.x'
      '@babel/runtime': '>=7.x'
      '@swc/core': '>=1.x'
      '@swc/helpers': '>=0.2'
      rollup: '>=1.x || >=2.x || >=3.x'
      typescript: '>=3.2.x || >= 4.x || >= 5.x'
    peerDependenciesMeta:
      '@babel/core':
        optional: true
      '@babel/plugin-transform-runtime':
        optional: true
      '@babel/preset-env':
        optional: true
      '@babel/preset-typescript':
        optional: true
      '@babel/runtime':
        optional: true
      '@swc/core':
        optional: true
      '@swc/helpers':
        optional: true
    dependencies:
      '@rollup/pluginutils': 5.0.4(rollup@3.29.4)
      '@wessberg/stringutil': 1.0.19
      ansi-colors: 4.1.3
      browserslist: 4.22.1
      browserslist-generator: 2.1.0
      compatfactory: 3.0.0(typescript@5.2.2)
      crosspath: 2.0.0
      magic-string: 0.30.4
      rollup: 3.29.4
      ts-clone-node: 3.0.0(typescript@5.2.2)
      tslib: 2.6.2
      typescript: 5.2.2
    dev: true

  /rollup@3.29.4:
    resolution: {integrity: sha512-oWzmBZwvYrU0iJHtDmhsm662rC15FRXmcjCk1xD771dFDx5jJ02ufAQQTn0etB2emNk4J9EZg/yWKpsn9BWGRw==}
    engines: {node: '>=14.18.0', npm: '>=8.0.0'}
    hasBin: true
    optionalDependencies:
      fsevents: 2.3.3
    dev: true

  /semver@7.5.4:
    resolution: {integrity: sha512-1bCSESV6Pv+i21Hvpxp3Dx+pSD8lIPt8uVjRrxAUt/nbswYc+tK6Y2btiULjd4+fnq15PX+nqQDC7Oft7WkwcA==}
    engines: {node: '>=10'}
    hasBin: true
    dependencies:
      lru-cache: 6.0.0
    dev: true

  /short-uuid@4.2.2:
    resolution: {integrity: sha512-IE7hDSGV2U/VZoCsjctKX6l5t5ak2jE0+aeGJi3KtvjIUNuZVmHVYUjNBhmo369FIWGDtaieRaO8A83Lvwfpqw==}
    engines: {node: '>=8'}
    dependencies:
      any-base: 1.1.0
      uuid: 8.3.2
    dev: false

  /sleep-ts@0.1.1:
    resolution: {integrity: sha512-Mmdu56a80KmPVcdvpHtO4fMwkBYBx1ZtOTa1fxr7nn1HCpLDNTy8nN+XZ72hP68TraWiVh52PM/8MjMuI+r4Kw==}
    engines: {node: '>=4'}
    dependencies:
      ms: 2.1.3
    dev: false

  /terminal-columns@1.4.1:
    resolution: {integrity: sha512-IKVL/itiMy947XWVv4IHV7a0KQXvKjj4ptbi7Ew9MPMcOLzkiQeyx3Gyvh62hKrfJ0RZc4M1nbhzjNM39Kyujw==}
    dev: true

  /ts-clone-node@3.0.0(typescript@5.2.2):
    resolution: {integrity: sha512-egavvyHbIoelkgh1IC2agNB1uMNjB8VJgh0g/cn0bg2XXTcrtjrGMzEk4OD3Fi2hocICjP3vMa56nkzIzq0FRg==}
    engines: {node: '>=14.9.0'}
    peerDependencies:
      typescript: ^3.x || ^4.x || ^5.x
    dependencies:
      compatfactory: 3.0.0(typescript@5.2.2)
      typescript: 5.2.2
    dev: true

  /ts-project-builder@1.0.2(esbuild@0.19.4):
    resolution: {integrity: sha512-VQUsGE0pvPxC01Wm2ok4sJDAfoQN352ybF4ISF00CD1zSyxqIqTnmiML/orlZpnA23o31dZxJXln9SpsEBVfVQ==}
    engines: {node: '>=16.15.1'}
    hasBin: true
    dependencies:
      '@rollup/plugin-json': 6.0.0(rollup@3.29.4)
      '@rollup/plugin-strip': 3.0.2(rollup@3.29.4)
      cleye: 1.3.2
      colorette: 2.0.20
      pretty-ms: 8.0.0
      rollup: 3.29.4
      rollup-plugin-esbuild: 6.0.2(esbuild@0.19.4)(rollup@3.29.4)
      rollup-plugin-node-externals: 6.1.1(rollup@3.29.4)
      rollup-plugin-ts: 3.4.5(rollup@3.29.4)(typescript@5.2.2)
      typescript: 5.2.2
    transitivePeerDependencies:
      - '@babel/core'
      - '@babel/plugin-transform-runtime'
      - '@babel/preset-env'
      - '@babel/preset-typescript'
      - '@babel/runtime'
      - '@swc/core'
      - '@swc/helpers'
      - esbuild
      - supports-color
    dev: true

  /tslib@2.6.2:
    resolution: {integrity: sha512-AEYxH93jGFPn/a2iVAwW87VuUIkR1FVUKB77NwMF7nBTDkDrrT/Hpt/IrCJ0QXhW27jTBDcf5ZY7w6RiqTMw2Q==}

  /type-flag@3.0.0:
    resolution: {integrity: sha512-3YaYwMseXCAhBB14RXW5cRQfJQlEknS6i4C8fCfeUdS3ihG9EdccdR9kt3vP73ZdeTGmPb4bZtkDn5XMIn1DLA==}
    dev: true

  /typescript@5.2.2:
    resolution: {integrity: sha512-mI4WrpHsbCIcwT9cF4FZvr80QUeKvsUsUvKDoR+X/7XHQH98xYD8YHZg7ANtz2GtZt/CBq2QJ0thkGJMHfqc1w==}
    engines: {node: '>=14.17'}
    hasBin: true
    dev: true

  /ua-parser-js@1.0.36:
    resolution: {integrity: sha512-znuyCIXzl8ciS3+y3fHJI/2OhQIXbXw9MWC/o3qwyR+RGppjZHrM27CGFSKCJXi2Kctiz537iOu2KnXs1lMQhw==}
    dev: true

  /universalify@2.0.0:
    resolution: {integrity: sha512-hAZsKq7Yy11Zu1DE0OzWjw7nnLZmJZYTDZZyEFHZdUhV8FkH5MCfoU1XMaxXovpyW5nq5scPqq0ZDP9Zyl04oQ==}
    engines: {node: '>= 10.0.0'}
    dev: false

  /update-browserslist-db@1.0.13(browserslist@4.22.1):
    resolution: {integrity: sha512-xebP81SNcPuNpPP3uzeW1NYXxI3rxyJzF3pD6sH4jE7o/IX+WtSpwnVU+qIsDPyk0d3hmFQ7mjqc6AtV604hbg==}
    hasBin: true
    peerDependencies:
      browserslist: '>= 4.21.0'
    dependencies:
      browserslist: 4.22.1
      escalade: 3.1.1
      picocolors: 1.0.0
    dev: true

  /uuid@8.3.2:
    resolution: {integrity: sha512-+NYs2QeMWy+GWFOEm9xnn6HCDp0l7QBD7ml8zLUmJ+93Q5NF0NocErnwkTkXVFNiX3/fpC6afS8Dhb/gz7R7eg==}
    hasBin: true
    dev: false

  /ws@8.14.2:
    resolution: {integrity: sha512-wEBG1ftX4jcglPxgFCMJmZ2PLtSbJ2Peg6TmpJFTbe9GZYOQCDPdMYu/Tm0/bGZkw8paZnJY45J4K2PZrLYq8g==}
    engines: {node: '>=10.0.0'}
    peerDependencies:
      bufferutil: ^4.0.1
      utf-8-validate: '>=5.0.2'
    peerDependenciesMeta:
      bufferutil:
        optional: true
      utf-8-validate:
        optional: true
    dev: false

  /yallist@4.0.0:
    resolution: {integrity: sha512-3wdGidZyq5PB084XLES5TpOSRA3wjXAlIWMhum2kRcv/41Sn2emQ0dycQW4uZXLejwKvg6EsvbdlVL+FYEct7A==}
    dev: true
